
Microsoft Visual Studio Solution File, Format Version 12.00
Project("{FAE04EC0-301F-11D3-BF4B-00C04F79EFBC}") = "LazerMP3Swap", "LazerMP3Swap\LazerMP3Swap.csproj", "{24BCD75D-274A-4E40-9617-9858B24FA497}"
EndProject
Global
	GlobalSection(SolutionConfigurationPlatforms) = preSolution
		Debug|Any CPU = Debug|Any CPU
		Release|Any CPU = Release|Any CPU
	EndGlobalSection
	GlobalSection(ProjectConfigurationPlatforms) = postSolution
		{24BCD75D-274A-4E40-9617-9858B24FA497}.Debug|Any CPU.ActiveCfg = Debug|Any CPU
		{24BCD75D-274A-4E40-9617-9858B24FA497}.Debug|Any CPU.Build.0 = Debug|Any CPU
		{24BCD75D-274A-4E40-9617-9858B24FA497}.Release|Any CPU.ActiveCfg = Release|Any CPU
		{24BCD75D-274A-4E40-9617-9858B24FA497}.Release|Any CPU.Build.0 = Release|Any CPU
	EndGlobalSection
EndGlobal
